
Microsoft Visual Studio Solution File, Format Version 12.00
Project("{FAE04EC0-301F-11D3-BF4B-00C04F79EFBC}") = "HRManagement", "HRManagement\HRManagement.csproj", "{C80F751C-9187-4753-91F6-C669058FE667}"
EndProject
Project("{FAE04EC0-301F-11D3-BF4B-00C04F79EFBC}") = "HRManagement.DataAccess", "HRManagement.DataAccess\HRManagement.DataAccess.csproj", "{CE9BCBB9-8522-48EC-BC11-DDF3CFA07EBA}"
EndProject
Global
	GlobalSection(SolutionConfigurationPlatforms) = preSolution
		Debug|Any CPU = Debug|Any CPU
		Release|Any CPU = Release|Any CPU
	EndGlobalSection
	GlobalSection(ProjectConfigurationPlatforms) = postSolution
		{C80F751C-9187-4753-91F6-C669058FE667}.Debug|Any CPU.ActiveCfg = Debug|Any CPU
		{C80F751C-9187-4753-91F6-C669058FE667}.Debug|Any CPU.Build.0 = Debug|Any CPU
		{C80F751C-9187-4753-91F6-C669058FE667}.Release|Any CPU.ActiveCfg = Release|Any CPU
		{C80F751C-9187-4753-91F6-C669058FE667}.Release|Any CPU.Build.0 = Release|Any CPU
		{CE9BCBB9-8522-48EC-BC11-DDF3CFA07EBA}.Debug|Any CPU.ActiveCfg = Debug|Any CPU
		{CE9BCBB9-8522-48EC-BC11-DDF3CFA07EBA}.Debug|Any CPU.Build.0 = Debug|Any CPU
		{CE9BCBB9-8522-48EC-BC11-DDF3CFA07EBA}.Release|Any CPU.ActiveCfg = Release|Any CPU
		{CE9BCBB9-8522-48EC-BC11-DDF3CFA07EBA}.Release|Any CPU.Build.0 = Release|Any CPU
	EndGlobalSection
EndGlobal
